
Microsoft Visual Studio Solution File, Format Version 12.00
# Visual Studio Version 17
VisualStudioVersion = 17.4.33213.308
MinimumVisualStudioVersion = 10.0.40219.1
Project("{FAE04EC0-301F-11D3-BF4B-00C04F79EFBC}") = "RestarantMVC", "RestarantMVC\RestarantMVC.csproj", "{79EEBABF-FDE5-4F2E-8555-66DE4A66279B}"
EndProject
Global
	GlobalSection(SolutionConfigurationPlatforms) = preSolution
		Debug|Any CPU = Debug|Any CPU
		Release|Any CPU = Release|Any CPU
	EndGlobalSection
	GlobalSection(ProjectConfigurationPlatforms) = postSolution
		{79EEBABF-FDE5-4F2E-8555-66DE4A66279B}.Debug|Any CPU.ActiveCfg = Debug|Any CPU
		{79EEBABF-FDE5-4F2E-8555-66DE4A66279B}.Debug|Any CPU.Build.0 = Debug|Any CPU
		{79EEBABF-FDE5-4F2E-8555-66DE4A66279B}.Release|Any CPU.ActiveCfg = Release|Any CPU
		{79EEBABF-FDE5-4F2E-8555-66DE4A66279B}.Release|Any CPU.Build.0 = Release|Any CPU
	EndGlobalSection
	GlobalSection(SolutionProperties) = preSolution
		HideSolutionNode = FALSE
	EndGlobalSection
	GlobalSection(ExtensibilityGlobals) = postSolution
		SolutionGuid = {117A762F-7CB6-4769-9F46-55F3A0F9C255}
	EndGlobalSection
EndGlobal
